
Microsoft Visual Studio Solution File, Format Version 12.00
# Visual Studio Version 16
VisualStudioVersion = 16.0.31702.278
MinimumVisualStudioVersion = 10.0.40219.1
Project("{FAE04EC0-301F-11D3-BF4B-00C04F79EFBC}") = "ViWatcher", "Client\ViWatcher.csproj", "{930DF58B-CCD2-4C2C-A842-24D79BF1427C}"
EndProject
Global
	GlobalSection(SolutionConfigurationPlatforms) = preSolution
		Debug|Any CPU = Debug|Any CPU
		Release|Any CPU = Release|Any CPU
	EndGlobalSection
	GlobalSection(ProjectConfigurationPlatforms) = postSolution
		{930DF58B-CCD2-4C2C-A842-24D79BF1427C}.Debug|Any CPU.ActiveCfg = Debug|Any CPU
		{930DF58B-CCD2-4C2C-A842-24D79BF1427C}.Debug|Any CPU.Build.0 = Debug|Any CPU
		{930DF58B-CCD2-4C2C-A842-24D79BF1427C}.Release|Any CPU.ActiveCfg = Release|Any CPU
		{930DF58B-CCD2-4C2C-A842-24D79BF1427C}.Release|Any CPU.Build.0 = Release|Any CPU
	EndGlobalSection
	GlobalSection(SolutionProperties) = preSolution
		HideSolutionNode = FALSE
	EndGlobalSection
	GlobalSection(ExtensibilityGlobals) = postSolution
		SolutionGuid = {DD942C16-5E57-466B-8726-8FE542EFE071}
	EndGlobalSection
EndGlobal
